
Microsoft Visual Studio Solution File, Format Version 12.00
# Visual Studio Version 17
VisualStudioVersion = 17.10.35027.167
MinimumVisualStudioVersion = 10.0.40219.1
Project("{FAE04EC0-301F-11D3-BF4B-00C04F79EFBC}") = "Shop_DotNetCore", "Shop_DotNetCore.csproj", "{80E83E60-9325-409B-BD91-505C468B7267}"
EndProject
Global
	GlobalSection(SolutionConfigurationPlatforms) = preSolution
		Debug|Any CPU = Debug|Any CPU
		Release|Any CPU = Release|Any CPU
	EndGlobalSection
	GlobalSection(ProjectConfigurationPlatforms) = postSolution
		{80E83E60-9325-409B-BD91-505C468B7267}.Debug|Any CPU.ActiveCfg = Debug|Any CPU
		{80E83E60-9325-409B-BD91-505C468B7267}.Debug|Any CPU.Build.0 = Debug|Any CPU
		{80E83E60-9325-409B-BD91-505C468B7267}.Release|Any CPU.ActiveCfg = Release|Any CPU
		{80E83E60-9325-409B-BD91-505C468B7267}.Release|Any CPU.Build.0 = Release|Any CPU
	EndGlobalSection
	GlobalSection(SolutionProperties) = preSolution
		HideSolutionNode = FALSE
	EndGlobalSection
	GlobalSection(ExtensibilityGlobals) = postSolution
		SolutionGuid = {23834D66-D8C0-4DD0-9FF1-800168FD6963}
	EndGlobalSection
EndGlobal
